// !$*UTF8*$!
{
	archiveVersion = 1;
	classes = {
	};
	objectVersion = 48;
	objects = {

/* Begin PBXBuildFile section */
		11DAF8D421F5EB2D00F6729D /* AppDelegate.swift in Sources */ = {isa = PBXBuildFile; fileRef = 11DAF8D321F5EB2D00F6729D /* AppDelegate.swift */; };
		11DAF8D921F5EB2D00F6729D /* Main.storyboard in Resources */ = {isa = PBXBuildFile; fileRef = 11DAF8D721F5EB2D00F6729D /* Main.storyboard */; };
		11DAF8DB21F5EB2D00F6729D /* Assets.xcassets in Resources */ = {isa = PBXBuildFile; fileRef = 11DAF8DA21F5EB2D00F6729D /* Assets.xcassets */; };
		11DAF8DE21F5EB2D00F6729D /* LaunchScreen.storyboard in Resources */ = {isa = PBXBuildFile; fileRef = 11DAF8DC21F5EB2D00F6729D /* LaunchScreen.storyboard */; };
		11DAF8EA21F605CE00F6729D /* NetworkService.swift in Sources */ = {isa = PBXBuildFile; fileRef = 11DAF8E921F605CE00F6729D /* NetworkService.swift */; };
		11DAF8EC21F60FE800F6729D /* User.swift in Sources */ = {isa = PBXBuildFile; fileRef = 11DAF8EB21F60FE800F6729D /* User.swift */; };
		11DAF8EE21F62E2400F6729D /* UserListViewController.swift in Sources */ = {isa = PBXBuildFile; fileRef = 11DAF8ED21F62E2400F6729D /* UserListViewController.swift */; };
		11DAF8F121F651C800F6729D /* UIColor+Tints.swift in Sources */ = {isa = PBXBuildFile; fileRef = 11DAF8F021F651C800F6729D /* UIColor+Tints.swift */; };
		11DAF8F421F69EF500F6729D /* UserListCell.swift in Sources */ = {isa = PBXBuildFile; fileRef = 11DAF8F221F69EF500F6729D /* UserListCell.swift */; };
		11DAF8F521F69EF500F6729D /* UserListCell.xib in Resources */ = {isa = PBXBuildFile; fileRef = 11DAF8F321F69EF500F6729D /* UserListCell.xib */; };
		11DAF8FB21F6CE1200F6729D /* LoadingCell.swift in Sources */ = {isa = PBXBuildFile; fileRef = 11DAF8F921F6CE1200F6729D /* LoadingCell.swift */; };
		11DAF8FC21F6CE1200F6729D /* LoadingCell.xib in Resources */ = {isa = PBXBuildFile; fileRef = 11DAF8FA21F6CE1200F6729D /* LoadingCell.xib */; };
/* End PBXBuildFile section */

/* Begin PBXFileReference section */
		11DAF8D021F5EB2D00F6729D /* RandomUsers.app */ = {isa = PBXFileReference; explicitFileType = wrapper.application; includeInIndex = 0; path = RandomUsers.app; sourceTree = BUILT_PRODUCTS_DIR; };
		11DAF8D321F5EB2D00F6729D /* AppDelegate.swift */ = {isa = PBXFileReference; lastKnownFileType = sourcecode.swift; path = AppDelegate.swift; sourceTree = "<group>"; };
		11DAF8D821F5EB2D00F6729D /* Base */ = {isa = PBXFileReference; lastKnownFileType = file.storyboard; name = Base; path = Base.lproj/Main.storyboard; sourceTree = "<group>"; };
		11DAF8DA21F5EB2D00F6729D /* Assets.xcassets */ = {isa = PBXFileReference; lastKnownFileType = folder.assetcatalog; path = Assets.xcassets; sourceTree = "<group>"; };
		11DAF8DD21F5EB2D00F6729D /* Base */ = {isa = PBXFileReference; lastKnownFileType = file.storyboard; name = Base; path = Base.lproj/LaunchScreen.storyboard; sourceTree = "<group>"; };
		11DAF8DF21F5EB2D00F6729D /* Info.plist */ = {isa = PBXFileReference; lastKnownFileType = text.plist.xml; path = Info.plist; sourceTree = "<group>"; };
		11DAF8E921F605CE00F6729D /* NetworkService.swift */ = {isa = PBXFileReference; lastKnownFileType = sourcecode.swift; path = NetworkService.swift; sourceTree = "<group>"; };
		11DAF8EB21F60FE800F6729D /* User.swift */ = {isa = PBXFileReference; lastKnownFileType = sourcecode.swift; path = User.swift; sourceTree = "<group>"; };
		11DAF8ED21F62E2400F6729D /* UserListViewController.swift */ = {isa = PBXFileReference; lastKnownFileType = sourcecode.swift; path = UserListViewController.swift; sourceTree = "<group>"; };
		11DAF8F021F651C800F6729D /* UIColor+Tints.swift */ = {isa = PBXFileReference; lastKnownFileType = sourcecode.swift; path = "UIColor+Tints.swift"; sourceTree = "<group>"; };
		11DAF8F221F69EF500F6729D /* UserListCell.swift */ = {isa = PBXFileReference; lastKnownFileType = sourcecode.swift; path = UserListCell.swift; sourceTree = "<group>"; };
		11DAF8F321F69EF500F6729D /* UserListCell.xib */ = {isa = PBXFileReference; lastKnownFileType = file.xib; path = UserListCell.xib; sourceTree = "<group>"; };
		11DAF8F921F6CE1200F6729D /* LoadingCell.swift */ = {isa = PBXFileReference; lastKnownFileType = sourcecode.swift; path = LoadingCell.swift; sourceTree = "<group>"; };
		11DAF8FA21F6CE1200F6729D /* LoadingCell.xib */ = {isa = PBXFileReference; lastKnownFileType = file.xib; path = LoadingCell.xib; sourceTree = "<group>"; };
/* End PBXFileReference section */

/* Begin PBXFrameworksBuildPhase section */
		11DAF8CD21F5EB2D00F6729D /* Frameworks */ = {
			isa = PBXFrameworksBuildPhase;
			buildActionMask = 2147483647;
			files = (
			);
			runOnlyForDeploymentPostprocessing = 0;
		};
/* End PBXFrameworksBuildPhase section */

/* Begin PBXGroup section */
		11DAF8C721F5EB2D00F6729D = {
			isa = PBXGroup;
			children = (
				11DAF8D221F5EB2D00F6729D /* RandomUsers */,
				11DAF8D121F5EB2D00F6729D /* Products */,
			);
			sourceTree = "<group>";
		};
		11DAF8D121F5EB2D00F6729D /* Products */ = {
			isa = PBXGroup;
			children = (
				11DAF8D021F5EB2D00F6729D /* RandomUsers.app */,
			);
			name = Products;
			sourceTree = "<group>";
		};
		11DAF8D221F5EB2D00F6729D /* RandomUsers */ = {
			isa = PBXGroup;
			children = (
				11DAF8E821F5F84000F6729D /* Networking */,
				11DAF8E521F5EB4200F6729D /* UI */,
				11DAF8D321F5EB2D00F6729D /* AppDelegate.swift */,
				11DAF8DF21F5EB2D00F6729D /* Info.plist */,
				11DAF8DA21F5EB2D00F6729D /* Assets.xcassets */,
			);
			path = RandomUsers;
			sourceTree = "<group>";
		};
		11DAF8E521F5EB4200F6729D /* UI */ = {
			isa = PBXGroup;
			children = (
				11DAF8EF21F62E2D00F6729D /* UserList */,
				11DAF8D721F5EB2D00F6729D /* Main.storyboard */,
				11DAF8DC21F5EB2D00F6729D /* LaunchScreen.storyboard */,
				11DAF8F821F6AE0100F6729D /* Extensions */,
			);
			path = UI;
			sourceTree = "<group>";
		};
		11DAF8E821F5F84000F6729D /* Networking */ = {
			isa = PBXGroup;
			children = (
				11DAF8E921F605CE00F6729D /* NetworkService.swift */,
				11DAF8EB21F60FE800F6729D /* User.swift */,
			);
			path = Networking;
			sourceTree = "<group>";
		};
		11DAF8EF21F62E2D00F6729D /* UserList */ = {
			isa = PBXGroup;
			children = (
				11DAF8ED21F62E2400F6729D /* UserListViewController.swift */,
				11DAF8F221F69EF500F6729D /* UserListCell.swift */,
				11DAF8F321F69EF500F6729D /* UserListCell.xib */,
				11DAF8F921F6CE1200F6729D /* LoadingCell.swift */,
				11DAF8FA21F6CE1200F6729D /* LoadingCell.xib */,
			);
			path = UserList;
			sourceTree = "<group>";
		};
		11DAF8F821F6AE0100F6729D /* Extensions */ = {
			isa = PBXGroup;
			children = (
				11DAF8F021F651C800F6729D /* UIColor+Tints.swift */,
			);
			path = Extensions;
			sourceTree = "<group>";
		};
/* End PBXGroup section */

/* Begin PBXNativeTarget section */
		11DAF8CF21F5EB2D00F6729D /* RandomUsers */ = {
			isa = PBXNativeTarget;
			buildConfigurationList = 11DAF8E221F5EB2D00F6729D /* Build configuration list for PBXNativeTarget "RandomUsers" */;
			buildPhases = (
				11DAF8CC21F5EB2D00F6729D /* Sources */,
				11DAF8CD21F5EB2D00F6729D /* Frameworks */,
				11DAF8CE21F5EB2D00F6729D /* Resources */,
			);
			buildRules = (
			);
			dependencies = (
			);
			name = RandomUsers;
			productName = RandomUsers;
			productReference = 11DAF8D021F5EB2D00F6729D /* RandomUsers.app */;
			productType = "com.apple.product-type.application";
		};
/* End PBXNativeTarget section */

/* Begin PBXProject section */
		11DAF8C821F5EB2D00F6729D /* Project object */ = {
			isa = PBXProject;
			attributes = {
				LastSwiftUpdateCheck = 0910;
				LastUpgradeCheck = 0910;
				ORGANIZATIONNAME = "sandra-alt";
				TargetAttributes = {
					11DAF8CF21F5EB2D00F6729D = {
						CreatedOnToolsVersion = 9.1;
						ProvisioningStyle = Automatic;
					};
				};
			};
			buildConfigurationList = 11DAF8CB21F5EB2D00F6729D /* Build configuration list for PBXProject "RandomUsers" */;
			compatibilityVersion = "Xcode 8.0";
			developmentRegion = en;
			hasScannedForEncodings = 0;
			knownRegions = (
				en,
				Base,
			);
			mainGroup = 11DAF8C721F5EB2D00F6729D;
			productRefGroup = 11DAF8D121F5EB2D00F6729D /* Products */;
			projectDirPath = "";
			projectRoot = "";
			targets = (
				11DAF8CF21F5EB2D00F6729D /* RandomUsers */,
			);
		};
/* End PBXProject section */

/* Begin PBXResourcesBuildPhase section */
		11DAF8CE21F5EB2D00F6729D /* Resources */ = {
			isa = PBXResourcesBuildPhase;
			buildActionMask = 2147483647;
			files = (
				11DAF8F521F69EF500F6729D /* UserListCell.xib in Resources */,
				11DAF8DE21F5EB2D00F6729D /* LaunchScreen.storyboard in Resources */,
				11DAF8DB21F5EB2D00F6729D /* Assets.xcassets in Resources */,
				11DAF8FC21F6CE1200F6729D /* LoadingCell.xib in Resources */,
				11DAF8D921F5EB2D00F6729D /* Main.storyboard in Resources */,
			);
			runOnlyForDeploymentPostprocessing = 0;
		};
/* End PBXResourcesBuildPhase section */

/* Begin PBXSourcesBuildPhase section */
		11DAF8CC21F5EB2D00F6729D /* Sources */ = {
			isa = PBXSourcesBuildPhase;
			buildActionMask = 2147483647;
			files = (
				11DAF8F421F69EF500F6729D /* UserListCell.swift in Sources */,
				11DAF8EA21F605CE00F6729D /* NetworkService.swift in Sources */,
				11DAF8EE21F62E2400F6729D /* UserListViewController.swift in Sources */,
				11DAF8D421F5EB2D00F6729D /* AppDelegate.swift in Sources */,
				11DAF8FB21F6CE1200F6729D /* LoadingCell.swift in Sources */,
				11DAF8EC21F60FE800F6729D /* User.swift in Sources */,
				11DAF8F121F651C800F6729D /* UIColor+Tints.swift in Sources */,
			);
			runOnlyForDeploymentPostprocessing = 0;
		};
/* End PBXSourcesBuildPhase section */

/* Begin PBXVariantGroup section */
		11DAF8D721F5EB2D00F6729D /* Main.storyboard */ = {
			isa = PBXVariantGroup;
			children = (
				11DAF8D821F5EB2D00F6729D /* Base */,
			);
			name = Main.storyboard;
			sourceTree = "<group>";
		};
		11DAF8DC21F5EB2D00F6729D /* LaunchScreen.storyboard */ = {
			isa = PBXVariantGroup;
			children = (
				11DAF8DD21F5EB2D00F6729D /* Base */,
			);
			name = LaunchScreen.storyboard;
			sourceTree = "<group>";
		};
/* End PBXVariantGroup section */

/* Begin XCBuildConfiguration section */
		11DAF8E021F5EB2D00F6729D /* Debug */ = {
			isa = XCBuildConfiguration;
			buildSettings = {
				ALWAYS_SEARCH_USER_PATHS = NO;
				CLANG_ANALYZER_NONNULL = YES;
				CLANG_ANALYZER_NUMBER_OBJECT_CONVERSION = YES_AGGRESSIVE;
				CLANG_CXX_LANGUAGE_STANDARD = "gnu++14";
				CLANG_CXX_LIBRARY = "libc++";
				CLANG_ENABLE_MODULES = YES;
				CLANG_ENABLE_OBJC_ARC = YES;
				CLANG_WARN_BLOCK_CAPTURE_AUTORELEASING = YES;
				CLANG_WARN_BOOL_CONVERSION = YES;
				CLANG_WARN_COMMA = YES;
				CLANG_WARN_CONSTANT_CONVERSION = YES;
				CLANG_WARN_DIRECT_OBJC_ISA_USAGE = YES_ERROR;
				CLANG_WARN_DOCUMENTATION_COMMENTS = YES;
				CLANG_WARN_EMPTY_BODY = YES;
				CLANG_WARN_ENUM_CONVERSION = YES;
				CLANG_WARN_INFINITE_RECURSION = YES;
				CLANG_WARN_INT_CONVERSION = YES;
				CLANG_WARN_NON_LITERAL_NULL_CONVERSION = YES;
				CLANG_WARN_OBJC_LITERAL_CONVERSION = YES;
				CLANG_WARN_OBJC_ROOT_CLASS = YES_ERROR;
				CLANG_WARN_RANGE_LOOP_ANALYSIS = YES;
				CLANG_WARN_STRICT_PROTOTYPES = YES;
				CLANG_WARN_SUSPICIOUS_MOVE = YES;
				CLANG_WARN_UNGUARDED_AVAILABILITY = YES_AGGRESSIVE;
				CLANG_WARN_UNREACHABLE_CODE = YES;
				CLANG_WARN__DUPLICATE_METHOD_MATCH = YES;
				CODE_SIGN_IDENTITY = "iPhone Developer";
				COPY_PHASE_STRIP = NO;
				DEBUG_INFORMATION_FORMAT = dwarf;
				ENABLE_STRICT_OBJC_MSGSEND = YES;
				ENABLE_TESTABILITY = YES;
				GCC_C_LANGUAGE_STANDARD = gnu11;
				GCC_DYNAMIC_NO_PIC = NO;
				GCC_NO_COMMON_BLOCKS = YES;
				GCC_OPTIMIZATION_LEVEL = 0;
				GCC_PREPROCESSOR_DEFINITIONS = (
					"DEBUG=1",
					"$(inherited)",
				);
				GCC_WARN_64_TO_32_BIT_CONVERSION = YES;
				GCC_WARN_ABOUT_RETURN_TYPE = YES_ERROR;
				GCC_WARN_UNDECLARED_SELECTOR = YES;
				GCC_WARN_UNINITIALIZED_AUTOS = YES_AGGRESSIVE;
				GCC_WARN_UNUSED_FUNCTION = YES;
				GCC_WARN_UNUSED_VARIABLE = YES;
				IPHONEOS_DEPLOYMENT_TARGET = 11.1;
				MTL_ENABLE_DEBUG_INFO = YES;
				ONLY_ACTIVE_ARCH = YES;
				SDKROOT = iphoneos;
				SWIFT_ACTIVE_COMPILATION_CONDITIONS = DEBUG;
				SWIFT_OPTIMIZATION_LEVEL = "-Onone";
			};
			name = Debug;
		};
		11DAF8E121F5EB2D00F6729D /* Release */ = {
			isa = XCBuildConfiguration;
			buildSettings = {
				ALWAYS_SEARCH_USER_PATHS = NO;
				CLANG_ANALYZER_NONNULL = YES;
				CLANG_ANALYZER_NUMBER_OBJECT_CONVERSION = YES_AGGRESSIVE;
				CLANG_CXX_LANGUAGE_STANDARD = "gnu++14";
				CLANG_CXX_LIBRARY = "libc++";
				CLANG_ENABLE_MODULES = YES;
				CLANG_ENABLE_OBJC_ARC = YES;
				CLANG_WARN_BLOCK_CAPTURE_AUTORELEASING = YES;
				CLANG_WARN_BOOL_CONVERSION = YES;
				CLANG_WARN_COMMA = YES;
				CLANG_WARN_CONSTANT_CONVERSION = YES;
				CLANG_WARN_DIRECT_OBJC_ISA_USAGE = YES_ERROR;
				CLANG_WARN_DOCUMENTATION_COMMENTS = YES;
				CLANG_WARN_EMPTY_BODY = YES;
				CLANG_WARN_ENUM_CONVERSION = YES;
				CLANG_WARN_INFINITE_RECURSION = YES;
				CLANG_WARN_INT_CONVERSION = YES;
				CLANG_WARN_NON_LITERAL_NULL_CONVERSION = YES;
				CLANG_WARN_OBJC_LITERAL_CONVERSION = YES;
				CLANG_WARN_OBJC_ROOT_CLASS = YES_ERROR;
				CLANG_WARN_RANGE_LOOP_ANALYSIS = YES;
				CLANG_WARN_STRICT_PROTOTYPES = YES;
				CLANG_WARN_SUSPICIOUS_MOVE = YES;
				CLANG_WARN_UNGUARDED_AVAILABILITY = YES_AGGRESSIVE;
				CLANG_WARN_UNREACHABLE_CODE = YES;
				CLANG_WARN__DUPLICATE_METHOD_MATCH = YES;
				CODE_SIGN_IDENTITY = "iPhone Developer";
				COPY_PHASE_STRIP = NO;
				DEBUG_INFORMATION_FORMAT = "dwarf-with-dsym";
				ENABLE_NS_ASSERTIONS = NO;
				ENABLE_STRICT_OBJC_MSGSEND = YES;
				GCC_C_LANGUAGE_STANDARD = gnu11;
				GCC_NO_COMMON_BLOCKS = YES;
				GCC_WARN_64_TO_32_BIT_CONVERSION = YES;
				GCC_WARN_ABOUT_RETURN_TYPE = YES_ERROR;
				GCC_WARN_UNDECLARED_SELECTOR = YES;
				GCC_WARN_UNINITIALIZED_AUTOS = YES_AGGRESSIVE;
				GCC_WARN_UNUSED_FUNCTION = YES;
				GCC_WARN_UNUSED_VARIABLE = YES;
				IPHONEOS_DEPLOYMENT_TARGET = 11.1;
				MTL_ENABLE_DEBUG_INFO = NO;
				SDKROOT = iphoneos;
				SWIFT_OPTIMIZATION_LEVEL = "-Owholemodule";
				VALIDATE_PRODUCT = YES;
			};
			name = Release;
		};
		11DAF8E321F5EB2D00F6729D /* Debug */ = {
			isa = XCBuildConfiguration;
			buildSettings = {
				ASSETCATALOG_COMPILER_APPICON_NAME = AppIcon;
				CODE_SIGN_STYLE = Automatic;
				INFOPLIST_FILE = RandomUsers/Info.plist;
				LD_RUNPATH_SEARCH_PATHS = "$(inherited) @executable_path/Frameworks";
				PRODUCT_BUNDLE_IDENTIFIER = "Test-Apps.RandomUsers";
				PRODUCT_NAME = "$(TARGET_NAME)";
				SWIFT_VERSION = 4.0;
				TARGETED_DEVICE_FAMILY = 1;
			};
			name = Debug;
		};
		11DAF8E421F5EB2D00F6729D /* Release */ = {
			isa = XCBuildConfiguration;
			buildSettings = {
				ASSETCATALOG_COMPILER_APPICON_NAME = AppIcon;
				CODE_SIGN_STYLE = Automatic;
				INFOPLIST_FILE = RandomUsers/Info.plist;
				LD_RUNPATH_SEARCH_PATHS = "$(inherited) @executable_path/Frameworks";
				PRODUCT_BUNDLE_IDENTIFIER = "Test-Apps.RandomUsers";
				PRODUCT_NAME = "$(TARGET_NAME)";
				SWIFT_VERSION = 4.0;
				TARGETED_DEVICE_FAMILY = 1;
			};
			name = Release;
		};
/* End XCBuildConfiguration section */

/* Begin XCConfigurationList section */
		11DAF8CB21F5EB2D00F6729D /* Build configuration list for PBXProject "RandomUsers" */ = {
			isa = XCConfigurationList;
			buildConfigurations = (
				11DAF8E021F5EB2D00F6729D /* Debug */,
				11DAF8E121F5EB2D00F6729D /* Release */,
			);
			defaultConfigurationIsVisible = 0;
			defaultConfigurationName = Release;
		};
		11DAF8E221F5EB2D00F6729D /* Build configuration list for PBXNativeTarget "RandomUsers" */ = {
			isa = XCConfigurationList;
			buildConfigurations = (
				11DAF8E321F5EB2D00F6729D /* Debug */,
				11DAF8E421F5EB2D00F6729D /* Release */,
			);
			defaultConfigurationIsVisible = 0;
			defaultConfigurationName = Release;
		};
/* End XCConfigurationList section */
	};
	rootObject = 11DAF8C821F5EB2D00F6729D /* Project object */;
}
